{
  "requires": true,
  "lockfileVersion": 1,
  "dependencies": {
    "fuzzy-search": {
      "version": "3.0.1",
      "resolved": "https://registry.npmjs.org/fuzzy-search/-/fuzzy-search-3.0.1.tgz",
      "integrity": "sha512-rjUvzdsMlOyarm0oD5k6zVQwgvt4Tb5Xe3YdIGU+Vogw54+ueAGPUTMU2B9jfPQEie5cD11i/S9J9d+MNBSQ3Q=="
    }
  }
}
